// !$*UTF8*$!
{
	archiveVersion = 1;
	classes = {
	};
	objectVersion = 46;
	objects = {

/* Begin PBXBuildFile section */
		1A264F2C1E009E55009D378D /* AppDelegate.swift in Sources */ = {isa = PBXBuildFile; fileRef = 1A264F2B1E009E55009D378D /* AppDelegate.swift */; };
		1A264F2E1E009E55009D378D /* ViewController.swift in Sources */ = {isa = PBXBuildFile; fileRef = 1A264F2D1E009E55009D378D /* ViewController.swift */; };
		1A264F311E009E55009D378D /* Main.storyboard in Resources */ = {isa = PBXBuildFile; fileRef = 1A264F2F1E009E55009D378D /* Main.storyboard */; };
		1A264F331E009E55009D378D /* Assets.xcassets in Resources */ = {isa = PBXBuildFile; fileRef = 1A264F321E009E55009D378D /* Assets.xcassets */; };
		1A264F361E009E55009D378D /* LaunchScreen.storyboard in Resources */ = {isa = PBXBuildFile; fileRef = 1A264F341E009E55009D378D /* LaunchScreen.storyboard */; };
/* End PBXBuildFile section */

/* Begin PBXFileReference section */
		1A264F281E009E55009D378D /* ProgrammaticAutolayoutExercises.app */ = {isa = PBXFileReference; explicitFileType = wrapper.application; includeInIndex = 0; path = ProgrammaticAutolayoutExercises.app; sourceTree = BUILT_PRODUCTS_DIR; };
		1A264F2B1E009E55009D378D /* AppDelegate.swift */ = {isa = PBXFileReference; lastKnownFileType = sourcecode.swift; path = AppDelegate.swift; sourceTree = "<group>"; };
		1A264F2D1E009E55009D378D /* ViewController.swift */ = {isa = PBXFileReference; lastKnownFileType = sourcecode.swift; path = ViewController.swift; sourceTree = "<group>"; };
		1A264F301E009E55009D378D /* Base */ = {isa = PBXFileReference; lastKnownFileType = file.storyboard; name = Base; path = Base.lproj/Main.storyboard; sourceTree = "<group>"; };
		1A264F321E009E55009D378D /* Assets.xcassets */ = {isa = PBXFileReference; lastKnownFileType = folder.assetcatalog; path = Assets.xcassets; sourceTree = "<group>"; };
		1A264F351E009E55009D378D /* Base */ = {isa = PBXFileReference; lastKnownFileType = file.storyboard; name = Base; path = Base.lproj/LaunchScreen.storyboard; sourceTree = "<group>"; };
		1A264F371E009E55009D378D /* Info.plist */ = {isa = PBXFileReference; lastKnownFileType = text.plist.xml; path = Info.plist; sourceTree = "<group>"; };
/* End PBXFileReference section */

/* Begin PBXFrameworksBuildPhase section */
		1A264F251E009E55009D378D /* Frameworks */ = {
			isa = PBXFrameworksBuildPhase;
			buildActionMask = 2147483647;
			files = (
			);
			runOnlyForDeploymentPostprocessing = 0;
		};
/* End PBXFrameworksBuildPhase section */

/* Begin PBXGroup section */
		1A264F1F1E009E55009D378D = {
			isa = PBXGroup;
			children = (
				1A264F2A1E009E55009D378D /* ProgrammaticAutolayoutExercises */,
				1A264F291E009E55009D378D /* Products */,
			);
			sourceTree = "<group>";
		};
		1A264F291E009E55009D378D /* Products */ = {
			isa = PBXGroup;
			children = (
				1A264F281E009E55009D378D /* ProgrammaticAutolayoutExercises.app */,
			);
			name = Products;
			sourceTree = "<group>";
		};
		1A264F2A1E009E55009D378D /* ProgrammaticAutolayoutExercises */ = {
			isa = PBXGroup;
			children = (
				1A264F2D1E009E55009D378D /* ViewController.swift */,
				1A264F3D1E009E8E009D378D /* Supporting Files */,
			);
			path = ProgrammaticAutolayoutExercises;
			sourceTree = "<group>";
		};
		1A264F3D1E009E8E009D378D /* Supporting Files */ = {
			isa = PBXGroup;
			children = (
				1A264F2B1E009E55009D378D /* AppDelegate.swift */,
				1A264F2F1E009E55009D378D /* Main.storyboard */,
				1A264F321E009E55009D378D /* Assets.xcassets */,
				1A264F341E009E55009D378D /* LaunchScreen.storyboard */,
				1A264F371E009E55009D378D /* Info.plist */,
			);
			name = "Supporting Files";
			sourceTree = "<group>";
		};
/* End PBXGroup section */

/* Begin PBXNativeTarget section */
		1A264F271E009E55009D378D /* ProgrammaticAutolayoutExercises */ = {
			isa = PBXNativeTarget;
			buildConfigurationList = 1A264F3A1E009E55009D378D /* Build configuration list for PBXNativeTarget "ProgrammaticAutolayoutExercises" */;
			buildPhases = (
				1A264F241E009E55009D378D /* Sources */,
				1A264F251E009E55009D378D /* Frameworks */,
				1A264F261E009E55009D378D /* Resources */,
			);
			buildRules = (
			);
			dependencies = (
			);
			name = ProgrammaticAutolayoutExercises;
			productName = ProgrammaticAutolayoutExercises;
			productReference = 1A264F281E009E55009D378D /* ProgrammaticAutolayoutExercises.app */;
			productType = "com.apple.product-type.application";
		};
/* End PBXNativeTarget section */

/* Begin PBXProject section */
		1A264F201E009E55009D378D /* Project object */ = {
			isa = PBXProject;
			attributes = {
				LastSwiftUpdateCheck = 0810;
				LastUpgradeCheck = 0820;
				ORGANIZATIONNAME = "Jermaine Kelly";
				TargetAttributes = {
					1A264F271E009E55009D378D = {
						CreatedOnToolsVersion = 8.1;
						ProvisioningStyle = Automatic;
					};
				};
			};
			buildConfigurationList = 1A264F231E009E55009D378D /* Build configuration list for PBXProject "ProgrammaticAutolayoutExercises" */;
			compatibilityVersion = "Xcode 3.2";
			developmentRegion = English;
			hasScannedForEncodings = 0;
			knownRegions = (
				en,
				Base,
			);
			mainGroup = 1A264F1F1E009E55009D378D;
			productRefGroup = 1A264F291E009E55009D378D /* Products */;
			projectDirPath = "";
			projectRoot = "";
			targets = (
				1A264F271E009E55009D378D /* ProgrammaticAutolayoutExercises */,
			);
		};
/* End PBXProject section */

/* Begin PBXResourcesBuildPhase section */
		1A264F261E009E55009D378D /* Resources */ = {
			isa = PBXResourcesBuildPhase;
			buildActionMask = 2147483647;
			files = (
				1A264F361E009E55009D378D /* LaunchScreen.storyboard in Resources */,
				1A264F331E009E55009D378D /* Assets.xcassets in Resources */,
				1A264F311E009E55009D378D /* Main.storyboard in Resources */,
			);
			runOnlyForDeploymentPostprocessing = 0;
		};
/* End PBXResourcesBuildPhase section */

/* Begin PBXSourcesBuildPhase section */
		1A264F241E009E55009D378D /* Sources */ = {
			isa = PBXSourcesBuildPhase;
			buildActionMask = 2147483647;
			files = (
				1A264F2E1E009E55009D378D /* ViewController.swift in Sources */,
				1A264F2C1E009E55009D378D /* AppDelegate.swift in Sources */,
			);
			runOnlyForDeploymentPostprocessing = 0;
		};
/* End PBXSourcesBuildPhase section */

/* Begin PBXVariantGroup section */
		1A264F2F1E009E55009D378D /* Main.storyboard */ = {
			isa = PBXVariantGroup;
			children = (
				1A264F301E009E55009D378D /* Base */,
			);
			name = Main.storyboard;
			sourceTree = "<group>";
		};
		1A264F341E009E55009D378D /* LaunchScreen.storyboard */ = {
			isa = PBXVariantGroup;
			children = (
				1A264F351E009E55009D378D /* Base */,
			);
			name = LaunchScreen.storyboard;
			sourceTree = "<group>";
		};
/* End PBXVariantGroup section */

/* Begin XCBuildConfiguration section */
		1A264F381E009E55009D378D /* Debug */ = {
			isa = XCBuildConfiguration;
			buildSettings = {
				ALWAYS_SEARCH_USER_PATHS = NO;
				CLANG_ANALYZER_NONNULL = YES;
				CLANG_CXX_LANGUAGE_STANDARD = "gnu++0x";
				CLANG_CXX_LIBRARY = "libc++";
				CLANG_ENABLE_MODULES = YES;
				CLANG_ENABLE_OBJC_ARC = YES;
				CLANG_WARN_BOOL_CONVERSION = YES;
				CLANG_WARN_CONSTANT_CONVERSION = YES;
				CLANG_WARN_DIRECT_OBJC_ISA_USAGE = YES_ERROR;
				CLANG_WARN_DOCUMENTATION_COMMENTS = YES;
				CLANG_WARN_EMPTY_BODY = YES;
				CLANG_WARN_ENUM_CONVERSION = YES;
				CLANG_WARN_INFINITE_RECURSION = YES;
				CLANG_WARN_INT_CONVERSION = YES;
				CLANG_WARN_OBJC_ROOT_CLASS = YES_ERROR;
				CLANG_WARN_SUSPICIOUS_MOVE = YES;
				CLANG_WARN_SUSPICIOUS_MOVES = YES;
				CLANG_WARN_UNREACHABLE_CODE = YES;
				CLANG_WARN__DUPLICATE_METHOD_MATCH = YES;
				"CODE_SIGN_IDENTITY[sdk=iphoneos*]" = "iPhone Developer";
				COPY_PHASE_STRIP = NO;
				DEBUG_INFORMATION_FORMAT = dwarf;
				ENABLE_STRICT_OBJC_MSGSEND = YES;
				ENABLE_TESTABILITY = YES;
				GCC_C_LANGUAGE_STANDARD = gnu99;
				GCC_DYNAMIC_NO_PIC = NO;
				GCC_NO_COMMON_BLOCKS = YES;
				GCC_OPTIMIZATION_LEVEL = 0;
				GCC_PREPROCESSOR_DEFINITIONS = (
					"DEBUG=1",
					"$(inherited)",
				);
				GCC_WARN_64_TO_32_BIT_CONVERSION = YES;
				GCC_WARN_ABOUT_RETURN_TYPE = YES_ERROR;
				GCC_WARN_UNDECLARED_SELECTOR = YES;
				GCC_WARN_UNINITIALIZED_AUTOS = YES_AGGRESSIVE;
				GCC_WARN_UNUSED_FUNCTION = YES;
				GCC_WARN_UNUSED_VARIABLE = YES;
				IPHONEOS_DEPLOYMENT_TARGET = 10.1;
				MTL_ENABLE_DEBUG_INFO = YES;
				ONLY_ACTIVE_ARCH = YES;
				SDKROOT = iphoneos;
				SWIFT_ACTIVE_COMPILATION_CONDITIONS = DEBUG;
				SWIFT_OPTIMIZATION_LEVEL = "-Onone";
				TARGETED_DEVICE_FAMILY = "1,2";
			};
			name = Debug;
		};
		1A264F391E009E55009D378D /* Release */ = {
			isa = XCBuildConfiguration;
			buildSettings = {
				ALWAYS_SEARCH_USER_PATHS = NO;
				CLANG_ANALYZER_NONNULL = YES;
				CLANG_CXX_LANGUAGE_STANDARD = "gnu++0x";
				CLANG_CXX_LIBRARY = "libc++";
				CLANG_ENABLE_MODULES = YES;
				CLANG_ENABLE_OBJC_ARC = YES;
				CLANG_WARN_BOOL_CONVERSION = YES;
				CLANG_WARN_CONSTANT_CONVERSION = YES;
				CLANG_WARN_DIRECT_OBJC_ISA_USAGE = YES_ERROR;
				CLANG_WARN_DOCUMENTATION_COMMENTS = YES;
				CLANG_WARN_EMPTY_BODY = YES;
				CLANG_WARN_ENUM_CONVERSION = YES;
				CLANG_WARN_INFINITE_RECURSION = YES;
				CLANG_WARN_INT_CONVERSION = YES;
				CLANG_WARN_OBJC_ROOT_CLASS = YES_ERROR;
				CLANG_WARN_SUSPICIOUS_MOVE = YES;
				CLANG_WARN_SUSPICIOUS_MOVES = YES;
				CLANG_WARN_UNREACHABLE_CODE = YES;
				CLANG_WARN__DUPLICATE_METHOD_MATCH = YES;
				"CODE_SIGN_IDENTITY[sdk=iphoneos*]" = "iPhone Developer";
				COPY_PHASE_STRIP = NO;
				DEBUG_INFORMATION_FORMAT = "dwarf-with-dsym";
				ENABLE_NS_ASSERTIONS = NO;
				ENABLE_STRICT_OBJC_MSGSEND = YES;
				GCC_C_LANGUAGE_STANDARD = gnu99;
				GCC_NO_COMMON_BLOCKS = YES;
				GCC_WARN_64_TO_32_BIT_CONVERSION = YES;
				GCC_WARN_ABOUT_RETURN_TYPE = YES_ERROR;
				GCC_WARN_UNDECLARED_SELECTOR = YES;
				GCC_WARN_UNINITIALIZED_AUTOS = YES_AGGRESSIVE;
				GCC_WARN_UNUSED_FUNCTION = YES;
				GCC_WARN_UNUSED_VARIABLE = YES;
				IPHONEOS_DEPLOYMENT_TARGET = 10.1;
				MTL_ENABLE_DEBUG_INFO = NO;
				SDKROOT = iphoneos;
				SWIFT_OPTIMIZATION_LEVEL = "-Owholemodule";
				TARGETED_DEVICE_FAMILY = "1,2";
				VALIDATE_PRODUCT = YES;
			};
			name = Release;
		};
		1A264F3B1E009E55009D378D /* Debug */ = {
			isa = XCBuildConfiguration;
			buildSettings = {
				ASSETCATALOG_COMPILER_APPICON_NAME = AppIcon;
				INFOPLIST_FILE = ProgrammaticAutolayoutExercises/Info.plist;
				LD_RUNPATH_SEARCH_PATHS = "$(inherited) @executable_path/Frameworks";
				PRODUCT_BUNDLE_IDENTIFIER = nyc.c4q.jermainekelly.ProgrammaticAutolayoutExercises;
				PRODUCT_NAME = "$(TARGET_NAME)";
				SWIFT_VERSION = 3.0;
			};
			name = Debug;
		};
		1A264F3C1E009E55009D378D /* Release */ = {
			isa = XCBuildConfiguration;
			buildSettings = {
				ASSETCATALOG_COMPILER_APPICON_NAME = AppIcon;
				INFOPLIST_FILE = ProgrammaticAutolayoutExercises/Info.plist;
				LD_RUNPATH_SEARCH_PATHS = "$(inherited) @executable_path/Frameworks";
				PRODUCT_BUNDLE_IDENTIFIER = nyc.c4q.jermainekelly.ProgrammaticAutolayoutExercises;
				PRODUCT_NAME = "$(TARGET_NAME)";
				SWIFT_VERSION = 3.0;
			};
			name = Release;
		};
/* End XCBuildConfiguration section */

/* Begin XCConfigurationList section */
		1A264F231E009E55009D378D /* Build configuration list for PBXProject "ProgrammaticAutolayoutExercises" */ = {
			isa = XCConfigurationList;
			buildConfigurations = (
				1A264F381E009E55009D378D /* Debug */,
				1A264F391E009E55009D378D /* Release */,
			);
			defaultConfigurationIsVisible = 0;
			defaultConfigurationName = Release;
		};
		1A264F3A1E009E55009D378D /* Build configuration list for PBXNativeTarget "ProgrammaticAutolayoutExercises" */ = {
			isa = XCConfigurationList;
			buildConfigurations = (
				1A264F3B1E009E55009D378D /* Debug */,
				1A264F3C1E009E55009D378D /* Release */,
			);
			defaultConfigurationIsVisible = 0;
			defaultConfigurationName = Release;
		};
/* End XCConfigurationList section */
	};
	rootObject = 1A264F201E009E55009D378D /* Project object */;
}
